
Microsoft Visual Studio Solution File, Format Version 12.00
# Visual Studio Version 17
VisualStudioVersion = 17.9.34616.47
MinimumVisualStudioVersion = 10.0.40219.1
Project("{FAE04EC0-301F-11D3-BF4B-00C04F79EFBC}") = "FashionWeek", "FashionWeek.csproj", "{FE20DA84-0ACD-4220-8C63-B611B79DEFF0}"
EndProject
Global
	GlobalSection(SolutionConfigurationPlatforms) = preSolution
		Debug|Any CPU = Debug|Any CPU
		Release|Any CPU = Release|Any CPU
	EndGlobalSection
	GlobalSection(ProjectConfigurationPlatforms) = postSolution
		{FE20DA84-0ACD-4220-8C63-B611B79DEFF0}.Debug|Any CPU.ActiveCfg = Debug|Any CPU
		{FE20DA84-0ACD-4220-8C63-B611B79DEFF0}.Debug|Any CPU.Build.0 = Debug|Any CPU
		{FE20DA84-0ACD-4220-8C63-B611B79DEFF0}.Release|Any CPU.ActiveCfg = Release|Any CPU
		{FE20DA84-0ACD-4220-8C63-B611B79DEFF0}.Release|Any CPU.Build.0 = Release|Any CPU
	EndGlobalSection
	GlobalSection(SolutionProperties) = preSolution
		HideSolutionNode = FALSE
	EndGlobalSection
	GlobalSection(ExtensibilityGlobals) = postSolution
		SolutionGuid = {418E9395-207D-4504-A8AD-997A67EF60A6}
	EndGlobalSection
EndGlobal
